
Microsoft Visual Studio Solution File, Format Version 12.00
# Visual Studio Version 16
VisualStudioVersion = 16.0.29102.190
MinimumVisualStudioVersion = 10.0.40219.1
Project("{FAE04EC0-301F-11D3-BF4B-00C04F79EFBC}") = "HelloWorld", "HelloWorld.csproj", "{C424280E-1A93-48F3-A2D8-73C9513503E1}"
EndProject
Global
	GlobalSection(SolutionConfigurationPlatforms) = preSolution
		Debug|Any CPU = Debug|Any CPU
		Release|Any CPU = Release|Any CPU
	EndGlobalSection
	GlobalSection(ProjectConfigurationPlatforms) = postSolution
		{C424280E-1A93-48F3-A2D8-73C9513503E1}.Debug|Any CPU.ActiveCfg = Debug|Any CPU
		{C424280E-1A93-48F3-A2D8-73C9513503E1}.Debug|Any CPU.Build.0 = Debug|Any CPU
		{C424280E-1A93-48F3-A2D8-73C9513503E1}.Release|Any CPU.ActiveCfg = Release|Any CPU
		{C424280E-1A93-48F3-A2D8-73C9513503E1}.Release|Any CPU.Build.0 = Release|Any CPU
	EndGlobalSection
	GlobalSection(SolutionProperties) = preSolution
		HideSolutionNode = FALSE
	EndGlobalSection
	GlobalSection(ExtensibilityGlobals) = postSolution
		SolutionGuid = {09E07DCB-B274-407D-9CEB-6A2C958A5617}
	EndGlobalSection
EndGlobal
